// !$*UTF8*$!
{
	archiveVersion = 1;
	classes = {
	};
	objectVersion = 51;
	objects = {

/* Begin PBXBuildFile section */
		2C4836DF247706F1008C1636 /* MgEditTable.swift in Sources */ = {isa = PBXBuildFile; fileRef = 2C4836DE247706F1008C1636 /* MgEditTable.swift */; };
		8811F5832471892000C142ED /* EmployeeTableCell.swift in Sources */ = {isa = PBXBuildFile; fileRef = 8811F5822471892000C142ED /* EmployeeTableCell.swift */; };
		8811F5852471896E00C142ED /* EmployeeCollectionCell.swift in Sources */ = {isa = PBXBuildFile; fileRef = 8811F5842471896E00C142ED /* EmployeeCollectionCell.swift */; };
		881BA83E2474F9F0003311D4 /* EmployeeTrainingCollectionCell.swift in Sources */ = {isa = PBXBuildFile; fileRef = 881BA83D2474F9F0003311D4 /* EmployeeTrainingCollectionCell.swift */; };
		881BA8402474FAD6003311D4 /* TrainingModel.swift in Sources */ = {isa = PBXBuildFile; fileRef = 881BA83F2474FAD6003311D4 /* TrainingModel.swift */; };
		88212644247CF3A100D7CC90 /* EditLatihanLauncher.swift in Sources */ = {isa = PBXBuildFile; fileRef = 88212643247CF3A100D7CC90 /* EditLatihanLauncher.swift */; };
		88465854246BAC61008DAE9D /* AppDelegate.swift in Sources */ = {isa = PBXBuildFile; fileRef = 88465853246BAC61008DAE9D /* AppDelegate.swift */; };
		88465856246BAC61008DAE9D /* SceneDelegate.swift in Sources */ = {isa = PBXBuildFile; fileRef = 88465855246BAC61008DAE9D /* SceneDelegate.swift */; };
		88465858246BAC61008DAE9D /* ViewController.swift in Sources */ = {isa = PBXBuildFile; fileRef = 88465857246BAC61008DAE9D /* ViewController.swift */; };
		8846585B246BAC61008DAE9D /* Main.storyboard in Resources */ = {isa = PBXBuildFile; fileRef = 88465859246BAC61008DAE9D /* Main.storyboard */; };
		8846585D246BAC63008DAE9D /* Assets.xcassets in Resources */ = {isa = PBXBuildFile; fileRef = 8846585C246BAC63008DAE9D /* Assets.xcassets */; };
		88465860246BAC63008DAE9D /* LaunchScreen.storyboard in Resources */ = {isa = PBXBuildFile; fileRef = 8846585E246BAC63008DAE9D /* LaunchScreen.storyboard */; };
		8846586E246C1D7C008DAE9D /* MgMain.storyboard in Resources */ = {isa = PBXBuildFile; fileRef = 8846586D246C1D7C008DAE9D /* MgMain.storyboard */; };
		88465870246C1DB2008DAE9D /* MgTrain.storyboard in Resources */ = {isa = PBXBuildFile; fileRef = 8846586F246C1DB2008DAE9D /* MgTrain.storyboard */; };
		88465872246C1DDE008DAE9D /* MgEmployees.storyboard in Resources */ = {isa = PBXBuildFile; fileRef = 88465871246C1DDE008DAE9D /* MgEmployees.storyboard */; };
		88465874246C2319008DAE9D /* Management.storyboard in Resources */ = {isa = PBXBuildFile; fileRef = 88465873246C2319008DAE9D /* Management.storyboard */; };
		88465877246C278B008DAE9D /* ManagementVC.swift in Sources */ = {isa = PBXBuildFile; fileRef = 88465876246C278B008DAE9D /* ManagementVC.swift */; };
		88465879246C297D008DAE9D /* Employee.storyboard in Resources */ = {isa = PBXBuildFile; fileRef = 88465878246C297D008DAE9D /* Employee.storyboard */; };
		884A354A2470449200D8A252 /* Employee.swift in Sources */ = {isa = PBXBuildFile; fileRef = 884A35492470449200D8A252 /* Employee.swift */; };
		888334F9247D7FC000F29D91 /* EmployeeCollectionVC.swift in Sources */ = {isa = PBXBuildFile; fileRef = 888334F4247D7FC000F29D91 /* EmployeeCollectionVC.swift */; };
		888334FA247D7FC000F29D91 /* ProsedurEditVC.swift in Sources */ = {isa = PBXBuildFile; fileRef = 888334F5247D7FC000F29D91 /* ProsedurEditVC.swift */; };
		888334FB247D7FC000F29D91 /* AddProcedureViewController.swift in Sources */ = {isa = PBXBuildFile; fileRef = 888334F6247D7FC000F29D91 /* AddProcedureViewController.swift */; };
		888334FC247D7FC000F29D91 /* AddIngredientsModalVC.swift in Sources */ = {isa = PBXBuildFile; fileRef = 888334F7247D7FC000F29D91 /* AddIngredientsModalVC.swift */; };
		888334FD247D7FC000F29D91 /* TrainingCategoryVC.swift in Sources */ = {isa = PBXBuildFile; fileRef = 888334F8247D7FC000F29D91 /* TrainingCategoryVC.swift */; };
		888334FF247D7FDB00F29D91 /* TrainingCollectionViewCell.swift in Sources */ = {isa = PBXBuildFile; fileRef = 888334FE247D7FDB00F29D91 /* TrainingCollectionViewCell.swift */; };
		88833506247D800B00F29D91 /* PersiapanTableViewCell.swift in Sources */ = {isa = PBXBuildFile; fileRef = 88833500247D800B00F29D91 /* PersiapanTableViewCell.swift */; };
		88833507247D800B00F29D91 /* PreparationEditTableViewCell.swift in Sources */ = {isa = PBXBuildFile; fileRef = 88833501247D800B00F29D91 /* PreparationEditTableViewCell.swift */; };
		88833508247D800B00F29D91 /* ProsedurEditTableViewCell.swift in Sources */ = {isa = PBXBuildFile; fileRef = 88833502247D800B00F29D91 /* ProsedurEditTableViewCell.swift */; };
		88833509247D800B00F29D91 /* PersiapanTableViewController.swift in Sources */ = {isa = PBXBuildFile; fileRef = 88833503247D800B00F29D91 /* PersiapanTableViewController.swift */; };
		8883350A247D800B00F29D91 /* ProsedurEditTableViewCell.xib in Resources */ = {isa = PBXBuildFile; fileRef = 88833504247D800B00F29D91 /* ProsedurEditTableViewCell.xib */; };
		8883350B247D800B00F29D91 /* PreparationEditTableViewCell.xib in Resources */ = {isa = PBXBuildFile; fileRef = 88833505247D800B00F29D91 /* PreparationEditTableViewCell.xib */; };
		8883350E247D806100F29D91 /* Preparation.swift in Sources */ = {isa = PBXBuildFile; fileRef = 8883350C247D806100F29D91 /* Preparation.swift */; };
		8883350F247D806100F29D91 /* Prosedur.swift in Sources */ = {isa = PBXBuildFile; fileRef = 8883350D247D806100F29D91 /* Prosedur.swift */; };
		88833511247D80BB00F29D91 /* PersiapanEditVC.swift in Sources */ = {isa = PBXBuildFile; fileRef = 88833510247D80BB00F29D91 /* PersiapanEditVC.swift */; };
		88B692CC24740B560051F6A4 /* EmployeeProfileVC.swift in Sources */ = {isa = PBXBuildFile; fileRef = 88B692CB24740B560051F6A4 /* EmployeeProfileVC.swift */; };
		88D5DC522477AB0600B8BB41 /* EmployeeDetailTableCell.swift in Sources */ = {isa = PBXBuildFile; fileRef = 88D5DC512477AB0600B8BB41 /* EmployeeDetailTableCell.swift */; };
		88D5DC542477B31600B8BB41 /* EmployeeTableVC.swift in Sources */ = {isa = PBXBuildFile; fileRef = 88D5DC532477B31600B8BB41 /* EmployeeTableVC.swift */; };
		88E77183247009B8007D9E59 /* ManagementEmployeeVC.swift in Sources */ = {isa = PBXBuildFile; fileRef = 88E77182247009B8007D9E59 /* ManagementEmployeeVC.swift */; };
		8D6F21EC2476645C00561B38 /* Prosedur.swift in Sources */ = {isa = PBXBuildFile; fileRef = 8D6F21EB2476645C00561B38 /* Prosedur.swift */; };
		8D78988624722CCA00CB164C /* MgMainTableViewCell.swift in Sources */ = {isa = PBXBuildFile; fileRef = 8D78988524722CCA00CB164C /* MgMainTableViewCell.swift */; };
		8DAA50D12474C1D1005D0DDC /* ProsedurTableViewCell.swift in Sources */ = {isa = PBXBuildFile; fileRef = 8DAA50D02474C1D0005D0DDC /* ProsedurTableViewCell.swift */; };
		8DAA50D32474D330005D0DDC /* AssigneeCollectionViewCell.swift in Sources */ = {isa = PBXBuildFile; fileRef = 8DAA50D22474D330005D0DDC /* AssigneeCollectionViewCell.swift */; };
		8DF16E9A2473836600974F0D /* HomeAdminModel.swift in Sources */ = {isa = PBXBuildFile; fileRef = 8DF16E992473836600974F0D /* HomeAdminModel.swift */; };
		8DFCED502473F52500EA1564 /* MgEditViewController.swift in Sources */ = {isa = PBXBuildFile; fileRef = 8DFCED4F2473F52500EA1564 /* MgEditViewController.swift */; };
		8DFCED542473F7DD00EA1564 /* PersiapanTableViewCell.swift in Sources */ = {isa = PBXBuildFile; fileRef = 8DFCED532473F7DC00EA1564 /* PersiapanTableViewCell.swift */; };
		8DFCED5C2473FF2C00EA1564 /* Persiapan.swift in Sources */ = {isa = PBXBuildFile; fileRef = 8DFCED5B2473FF2C00EA1564 /* Persiapan.swift */; };
		CE78F4926305CA02558CD5B0 /* Pods_FnBTrainingApp.framework in Frameworks */ = {isa = PBXBuildFile; fileRef = A4B8933B4C13E9D1D89F899B /* Pods_FnBTrainingApp.framework */; };
		EA19C388247BB40E00987951 /* ProcedureModel.swift in Sources */ = {isa = PBXBuildFile; fileRef = EA19C387247BB40E00987951 /* ProcedureModel.swift */; };
		EA19C38A247BD2FE00987951 /* APIManager.swift in Sources */ = {isa = PBXBuildFile; fileRef = EA19C389247BD2FE00987951 /* APIManager.swift */; };
		EA19C393247D489100987951 /* EmployeeHome.swift in Sources */ = {isa = PBXBuildFile; fileRef = EA19C392247D489100987951 /* EmployeeHome.swift */; };
		EA3CD9E8247376E20087A575 /* EmployeeProcedureVC.swift in Sources */ = {isa = PBXBuildFile; fileRef = EA3CD9E7247376E20087A575 /* EmployeeProcedureVC.swift */; };
		EA3CD9EA247398E10087A575 /* EmployeeVC.swift in Sources */ = {isa = PBXBuildFile; fileRef = EA3CD9E9247398E10087A575 /* EmployeeVC.swift */; };
		EA3CD9F02474BE7B0087A575 /* EmployeePreparationVC.swift in Sources */ = {isa = PBXBuildFile; fileRef = EA3CD9EF2474BE7B0087A575 /* EmployeePreparationVC.swift */; };
		EA3CD9F42474C92E0087A575 /* BelumLatihanCollectionViewCell.swift in Sources */ = {isa = PBXBuildFile; fileRef = EA3CD9F32474C92E0087A575 /* BelumLatihanCollectionViewCell.swift */; };
/* End PBXBuildFile section */

/* Begin PBXFileReference section */
		2C4836DE247706F1008C1636 /* MgEditTable.swift */ = {isa = PBXFileReference; lastKnownFileType = sourcecode.swift; path = MgEditTable.swift; sourceTree = "<group>"; };
		8811F5822471892000C142ED /* EmployeeTableCell.swift */ = {isa = PBXFileReference; lastKnownFileType = sourcecode.swift; path = EmployeeTableCell.swift; sourceTree = "<group>"; };
		8811F5842471896E00C142ED /* EmployeeCollectionCell.swift */ = {isa = PBXFileReference; lastKnownFileType = sourcecode.swift; path = EmployeeCollectionCell.swift; sourceTree = "<group>"; };
		881BA83D2474F9F0003311D4 /* EmployeeTrainingCollectionCell.swift */ = {isa = PBXFileReference; lastKnownFileType = sourcecode.swift; path = EmployeeTrainingCollectionCell.swift; sourceTree = "<group>"; };
		881BA83F2474FAD6003311D4 /* TrainingModel.swift */ = {isa = PBXFileReference; lastKnownFileType = sourcecode.swift; path = TrainingModel.swift; sourceTree = "<group>"; };
		88212643247CF3A100D7CC90 /* EditLatihanLauncher.swift */ = {isa = PBXFileReference; lastKnownFileType = sourcecode.swift; path = EditLatihanLauncher.swift; sourceTree = "<group>"; };
		88465850246BAC61008DAE9D /* FnBTrainingApp.app */ = {isa = PBXFileReference; explicitFileType = wrapper.application; includeInIndex = 0; path = FnBTrainingApp.app; sourceTree = BUILT_PRODUCTS_DIR; };
		88465853246BAC61008DAE9D /* AppDelegate.swift */ = {isa = PBXFileReference; lastKnownFileType = sourcecode.swift; path = AppDelegate.swift; sourceTree = "<group>"; };
		88465855246BAC61008DAE9D /* SceneDelegate.swift */ = {isa = PBXFileReference; lastKnownFileType = sourcecode.swift; path = SceneDelegate.swift; sourceTree = "<group>"; };
		88465857246BAC61008DAE9D /* ViewController.swift */ = {isa = PBXFileReference; lastKnownFileType = sourcecode.swift; path = ViewController.swift; sourceTree = "<group>"; };
		8846585A246BAC61008DAE9D /* Base */ = {isa = PBXFileReference; lastKnownFileType = file.storyboard; name = Base; path = Base.lproj/Main.storyboard; sourceTree = "<group>"; };
		8846585C246BAC63008DAE9D /* Assets.xcassets */ = {isa = PBXFileReference; lastKnownFileType = folder.assetcatalog; path = Assets.xcassets; sourceTree = "<group>"; };
		8846585F246BAC63008DAE9D /* Base */ = {isa = PBXFileReference; lastKnownFileType = file.storyboard; name = Base; path = Base.lproj/LaunchScreen.storyboard; sourceTree = "<group>"; };
		88465861246BAC63008DAE9D /* Info.plist */ = {isa = PBXFileReference; lastKnownFileType = text.plist.xml; path = Info.plist; sourceTree = "<group>"; };
		8846586D246C1D7C008DAE9D /* MgMain.storyboard */ = {isa = PBXFileReference; fileEncoding = 4; lastKnownFileType = file.storyboard; path = MgMain.storyboard; sourceTree = "<group>"; };
		8846586F246C1DB2008DAE9D /* MgTrain.storyboard */ = {isa = PBXFileReference; fileEncoding = 4; lastKnownFileType = file.storyboard; path = MgTrain.storyboard; sourceTree = "<group>"; };
		88465871246C1DDE008DAE9D /* MgEmployees.storyboard */ = {isa = PBXFileReference; fileEncoding = 4; lastKnownFileType = file.storyboard; path = MgEmployees.storyboard; sourceTree = "<group>"; };
		88465873246C2319008DAE9D /* Management.storyboard */ = {isa = PBXFileReference; lastKnownFileType = file.storyboard; path = Management.storyboard; sourceTree = "<group>"; };
		88465876246C278B008DAE9D /* ManagementVC.swift */ = {isa = PBXFileReference; lastKnownFileType = sourcecode.swift; path = ManagementVC.swift; sourceTree = "<group>"; };
		88465878246C297D008DAE9D /* Employee.storyboard */ = {isa = PBXFileReference; lastKnownFileType = file.storyboard; path = Employee.storyboard; sourceTree = "<group>"; };
		884A35492470449200D8A252 /* Employee.swift */ = {isa = PBXFileReference; lastKnownFileType = sourcecode.swift; path = Employee.swift; sourceTree = "<group>"; };
		888334F4247D7FC000F29D91 /* EmployeeCollectionVC.swift */ = {isa = PBXFileReference; fileEncoding = 4; lastKnownFileType = sourcecode.swift; path = EmployeeCollectionVC.swift; sourceTree = "<group>"; };
		888334F5247D7FC000F29D91 /* ProsedurEditVC.swift */ = {isa = PBXFileReference; fileEncoding = 4; lastKnownFileType = sourcecode.swift; path = ProsedurEditVC.swift; sourceTree = "<group>"; };
		888334F6247D7FC000F29D91 /* AddProcedureViewController.swift */ = {isa = PBXFileReference; fileEncoding = 4; lastKnownFileType = sourcecode.swift; path = AddProcedureViewController.swift; sourceTree = "<group>"; };
		888334F7247D7FC000F29D91 /* AddIngredientsModalVC.swift */ = {isa = PBXFileReference; fileEncoding = 4; lastKnownFileType = sourcecode.swift; path = AddIngredientsModalVC.swift; sourceTree = "<group>"; };
		888334F8247D7FC000F29D91 /* TrainingCategoryVC.swift */ = {isa = PBXFileReference; fileEncoding = 4; lastKnownFileType = sourcecode.swift; path = TrainingCategoryVC.swift; sourceTree = "<group>"; };
		888334FE247D7FDB00F29D91 /* TrainingCollectionViewCell.swift */ = {isa = PBXFileReference; fileEncoding = 4; lastKnownFileType = sourcecode.swift; path = TrainingCollectionViewCell.swift; sourceTree = "<group>"; };
		88833500247D800B00F29D91 /* PersiapanTableViewCell.swift */ = {isa = PBXFileReference; fileEncoding = 4; lastKnownFileType = sourcecode.swift; path = PersiapanTableViewCell.swift; sourceTree = "<group>"; };
		88833501247D800B00F29D91 /* PreparationEditTableViewCell.swift */ = {isa = PBXFileReference; fileEncoding = 4; lastKnownFileType = sourcecode.swift; path = PreparationEditTableViewCell.swift; sourceTree = "<group>"; };
		88833502247D800B00F29D91 /* ProsedurEditTableViewCell.swift */ = {isa = PBXFileReference; fileEncoding = 4; lastKnownFileType = sourcecode.swift; path = ProsedurEditTableViewCell.swift; sourceTree = "<group>"; };
		88833503247D800B00F29D91 /* PersiapanTableViewController.swift */ = {isa = PBXFileReference; fileEncoding = 4; lastKnownFileType = sourcecode.swift; path = PersiapanTableViewController.swift; sourceTree = "<group>"; };
		88833504247D800B00F29D91 /* ProsedurEditTableViewCell.xib */ = {isa = PBXFileReference; fileEncoding = 4; lastKnownFileType = file.xib; path = ProsedurEditTableViewCell.xib; sourceTree = "<group>"; };
		88833505247D800B00F29D91 /* PreparationEditTableViewCell.xib */ = {isa = PBXFileReference; fileEncoding = 4; lastKnownFileType = file.xib; path = PreparationEditTableViewCell.xib; sourceTree = "<group>"; };
		8883350C247D806100F29D91 /* Preparation.swift */ = {isa = PBXFileReference; fileEncoding = 4; lastKnownFileType = sourcecode.swift; path = Preparation.swift; sourceTree = "<group>"; };
		8883350D247D806100F29D91 /* Prosedur.swift */ = {isa = PBXFileReference; fileEncoding = 4; lastKnownFileType = sourcecode.swift; path = Prosedur.swift; sourceTree = "<group>"; };
		88833510247D80BB00F29D91 /* PersiapanEditVC.swift */ = {isa = PBXFileReference; fileEncoding = 4; lastKnownFileType = sourcecode.swift; name = PersiapanEditVC.swift; path = FnBTrainingApp/View/Management/PersiapanEditVC.swift; sourceTree = SOURCE_ROOT; };
		88B692CB24740B560051F6A4 /* EmployeeProfileVC.swift */ = {isa = PBXFileReference; lastKnownFileType = sourcecode.swift; path = EmployeeProfileVC.swift; sourceTree = "<group>"; };
		88D5DC512477AB0600B8BB41 /* EmployeeDetailTableCell.swift */ = {isa = PBXFileReference; lastKnownFileType = sourcecode.swift; path = EmployeeDetailTableCell.swift; sourceTree = "<group>"; };
		88D5DC532477B31600B8BB41 /* EmployeeTableVC.swift */ = {isa = PBXFileReference; lastKnownFileType = sourcecode.swift; path = EmployeeTableVC.swift; sourceTree = "<group>"; };
		88E77182247009B8007D9E59 /* ManagementEmployeeVC.swift */ = {isa = PBXFileReference; lastKnownFileType = sourcecode.swift; path = ManagementEmployeeVC.swift; sourceTree = "<group>"; };
		8D6F21EB2476645C00561B38 /* Prosedur.swift */ = {isa = PBXFileReference; lastKnownFileType = sourcecode.swift; path = Prosedur.swift; sourceTree = "<group>"; };
		8D78988524722CCA00CB164C /* MgMainTableViewCell.swift */ = {isa = PBXFileReference; lastKnownFileType = sourcecode.swift; path = MgMainTableViewCell.swift; sourceTree = "<group>"; };
		8DAA50D02474C1D0005D0DDC /* ProsedurTableViewCell.swift */ = {isa = PBXFileReference; lastKnownFileType = sourcecode.swift; path = ProsedurTableViewCell.swift; sourceTree = "<group>"; };
		8DAA50D22474D330005D0DDC /* AssigneeCollectionViewCell.swift */ = {isa = PBXFileReference; lastKnownFileType = sourcecode.swift; path = AssigneeCollectionViewCell.swift; sourceTree = "<group>"; };
		8DF16E992473836600974F0D /* HomeAdminModel.swift */ = {isa = PBXFileReference; lastKnownFileType = sourcecode.swift; path = HomeAdminModel.swift; sourceTree = "<group>"; };
		8DFCED4F2473F52500EA1564 /* MgEditViewController.swift */ = {isa = PBXFileReference; lastKnownFileType = sourcecode.swift; path = MgEditViewController.swift; sourceTree = "<group>"; };
		8DFCED532473F7DC00EA1564 /* PersiapanTableViewCell.swift */ = {isa = PBXFileReference; lastKnownFileType = sourcecode.swift; path = PersiapanTableViewCell.swift; sourceTree = "<group>"; };
		8DFCED5B2473FF2C00EA1564 /* Persiapan.swift */ = {isa = PBXFileReference; lastKnownFileType = sourcecode.swift; path = Persiapan.swift; sourceTree = "<group>"; };
		930298DB93CB0F3035BDD093 /* Pods-FnBTrainingApp.release.xcconfig */ = {isa = PBXFileReference; includeInIndex = 1; lastKnownFileType = text.xcconfig; name = "Pods-FnBTrainingApp.release.xcconfig"; path = "Target Support Files/Pods-FnBTrainingApp/Pods-FnBTrainingApp.release.xcconfig"; sourceTree = "<group>"; };
		A4B8933B4C13E9D1D89F899B /* Pods_FnBTrainingApp.framework */ = {isa = PBXFileReference; explicitFileType = wrapper.framework; includeInIndex = 0; path = Pods_FnBTrainingApp.framework; sourceTree = BUILT_PRODUCTS_DIR; };
		EA19C387247BB40E00987951 /* ProcedureModel.swift */ = {isa = PBXFileReference; lastKnownFileType = sourcecode.swift; path = ProcedureModel.swift; sourceTree = "<group>"; };
		EA19C389247BD2FE00987951 /* APIManager.swift */ = {isa = PBXFileReference; lastKnownFileType = sourcecode.swift; path = APIManager.swift; sourceTree = "<group>"; };
		EA19C392247D489100987951 /* EmployeeHome.swift */ = {isa = PBXFileReference; lastKnownFileType = sourcecode.swift; path = EmployeeHome.swift; sourceTree = "<group>"; };
		EA3CD9E7247376E20087A575 /* EmployeeProcedureVC.swift */ = {isa = PBXFileReference; lastKnownFileType = sourcecode.swift; path = EmployeeProcedureVC.swift; sourceTree = "<group>"; };
		EA3CD9E9247398E10087A575 /* EmployeeVC.swift */ = {isa = PBXFileReference; lastKnownFileType = sourcecode.swift; path = EmployeeVC.swift; sourceTree = "<group>"; };
		EA3CD9EF2474BE7B0087A575 /* EmployeePreparationVC.swift */ = {isa = PBXFileReference; lastKnownFileType = sourcecode.swift; path = EmployeePreparationVC.swift; sourceTree = "<group>"; };
		EA3CD9F32474C92E0087A575 /* BelumLatihanCollectionViewCell.swift */ = {isa = PBXFileReference; lastKnownFileType = sourcecode.swift; path = BelumLatihanCollectionViewCell.swift; sourceTree = "<group>"; };
		F23BA4F646FBEC462C2235BD /* Pods-FnBTrainingApp.debug.xcconfig */ = {isa = PBXFileReference; includeInIndex = 1; lastKnownFileType = text.xcconfig; name = "Pods-FnBTrainingApp.debug.xcconfig"; path = "Target Support Files/Pods-FnBTrainingApp/Pods-FnBTrainingApp.debug.xcconfig"; sourceTree = "<group>"; };
/* End PBXFileReference section */

/* Begin PBXFrameworksBuildPhase section */
		8846584D246BAC61008DAE9D /* Frameworks */ = {
			isa = PBXFrameworksBuildPhase;
			buildActionMask = 2147483647;
			files = (
				CE78F4926305CA02558CD5B0 /* Pods_FnBTrainingApp.framework in Frameworks */,
			);
			runOnlyForDeploymentPostprocessing = 0;
		};
/* End PBXFrameworksBuildPhase section */

/* Begin PBXGroup section */
		43EBA1B9FCE85FBB29F99B2D /* Pods */ = {
			isa = PBXGroup;
			children = (
				F23BA4F646FBEC462C2235BD /* Pods-FnBTrainingApp.debug.xcconfig */,
				930298DB93CB0F3035BDD093 /* Pods-FnBTrainingApp.release.xcconfig */,
			);
			path = Pods;
			sourceTree = "<group>";
		};
		8811F586247197D700C142ED /* Table */ = {
			isa = PBXGroup;
			children = (
				8D78988524722CCA00CB164C /* MgMainTableViewCell.swift */,
				8DAA50D02474C1D0005D0DDC /* ProsedurTableViewCell.swift */,
				8DFCED532473F7DC00EA1564 /* PersiapanTableViewCell.swift */,
				88833500247D800B00F29D91 /* PersiapanTableViewCell.swift */,
				88833503247D800B00F29D91 /* PersiapanTableViewController.swift */,
				88833501247D800B00F29D91 /* PreparationEditTableViewCell.swift */,
				88833505247D800B00F29D91 /* PreparationEditTableViewCell.xib */,
				88833502247D800B00F29D91 /* ProsedurEditTableViewCell.swift */,
				88833504247D800B00F29D91 /* ProsedurEditTableViewCell.xib */,
				8811F5822471892000C142ED /* EmployeeTableCell.swift */,
				88D5DC512477AB0600B8BB41 /* EmployeeDetailTableCell.swift */,
			);
			path = Table;
			sourceTree = "<group>";
		};
		8811F587247197DE00C142ED /* Collection */ = {
			isa = PBXGroup;
			children = (
				888334FE247D7FDB00F29D91 /* TrainingCollectionViewCell.swift */,
				8811F5842471896E00C142ED /* EmployeeCollectionCell.swift */,
				8DAA50D22474D330005D0DDC /* AssigneeCollectionViewCell.swift */,
				881BA83D2474F9F0003311D4 /* EmployeeTrainingCollectionCell.swift */,
			);
			path = Collection;
			sourceTree = "<group>";
		};
		88465847246BAC61008DAE9D = {
			isa = PBXGroup;
			children = (
				88465852246BAC61008DAE9D /* FnBTrainingApp */,
				88465851246BAC61008DAE9D /* Products */,
				43EBA1B9FCE85FBB29F99B2D /* Pods */,
				931D4239833C711A9C2EC0E1 /* Frameworks */,
				88833519247D85AE00F29D91 /* Recovered References */,
			);
			sourceTree = "<group>";
		};
		88465851246BAC61008DAE9D /* Products */ = {
			isa = PBXGroup;
			children = (
				88465850246BAC61008DAE9D /* FnBTrainingApp.app */,
			);
			name = Products;
			sourceTree = "<group>";
		};
		88465852246BAC61008DAE9D /* FnBTrainingApp */ = {
			isa = PBXGroup;
			children = (
				88465875246C2757008DAE9D /* Controller */,
				88465869246C1A71008DAE9D /* View */,
				88465868246C1A03008DAE9D /* Model */,
				88465853246BAC61008DAE9D /* AppDelegate.swift */,
				88465855246BAC61008DAE9D /* SceneDelegate.swift */,
				88465857246BAC61008DAE9D /* ViewController.swift */,
				8846585C246BAC63008DAE9D /* Assets.xcassets */,
				8846585E246BAC63008DAE9D /* LaunchScreen.storyboard */,
				88465861246BAC63008DAE9D /* Info.plist */,
			);
			path = FnBTrainingApp;
			sourceTree = "<group>";
		};
		88465868246C1A03008DAE9D /* Model */ = {
			isa = PBXGroup;
			children = (
				8D6F21EB2476645C00561B38 /* Prosedur.swift */,
				8DFCED5B2473FF2C00EA1564 /* Persiapan.swift */,
				8883350C247D806100F29D91 /* Preparation.swift */,
				8883350D247D806100F29D91 /* Prosedur.swift */,
				884A35492470449200D8A252 /* Employee.swift */,
				881BA83F2474FAD6003311D4 /* TrainingModel.swift */,
				EA19C387247BB40E00987951 /* ProcedureModel.swift */,
				EA19C392247D489100987951 /* EmployeeHome.swift */,
			);
			path = Model;
			sourceTree = "<group>";
		};
		88465869246C1A71008DAE9D /* View */ = {
			isa = PBXGroup;
			children = (
				8811F587247197DE00C142ED /* Collection */,
				8811F586247197D700C142ED /* Table */,
				8846587A246C2A19008DAE9D /* Employee */,
				8846586C246C1D4C008DAE9D /* Management */,
				88465859246BAC61008DAE9D /* Main.storyboard */,
				88465873246C2319008DAE9D /* Management.storyboard */,
				88465878246C297D008DAE9D /* Employee.storyboard */,
			);
			path = View;
			sourceTree = "<group>";
		};
		8846586C246C1D4C008DAE9D /* Management */ = {
			isa = PBXGroup;
			children = (
				88465871246C1DDE008DAE9D /* MgEmployees.storyboard */,
				8846586F246C1DB2008DAE9D /* MgTrain.storyboard */,
				8846586D246C1D7C008DAE9D /* MgMain.storyboard */,
			);
			path = Management;
			sourceTree = "<group>";
		};
		88465875246C2757008DAE9D /* Controller */ = {
			isa = PBXGroup;
			children = (
				8DFCED4F2473F52500EA1564 /* MgEditViewController.swift */,
				2C4836DE247706F1008C1636 /* MgEditTable.swift */,
				88833510247D80BB00F29D91 /* PersiapanEditVC.swift */,
				888334F7247D7FC000F29D91 /* AddIngredientsModalVC.swift */,
				888334F6247D7FC000F29D91 /* AddProcedureViewController.swift */,
				888334F4247D7FC000F29D91 /* EmployeeCollectionVC.swift */,
				888334F5247D7FC000F29D91 /* ProsedurEditVC.swift */,
				888334F8247D7FC000F29D91 /* TrainingCategoryVC.swift */,
				88465876246C278B008DAE9D /* ManagementVC.swift */,
				8DF16E992473836600974F0D /* HomeAdminModel.swift */,
				88E77182247009B8007D9E59 /* ManagementEmployeeVC.swift */,
				88212643247CF3A100D7CC90 /* EditLatihanLauncher.swift */,
				88B692CB24740B560051F6A4 /* EmployeeProfileVC.swift */,
				88D5DC532477B31600B8BB41 /* EmployeeTableVC.swift */,
				EA3CD9E7247376E20087A575 /* EmployeeProcedureVC.swift */,
				EA3CD9E9247398E10087A575 /* EmployeeVC.swift */,
				EA3CD9EF2474BE7B0087A575 /* EmployeePreparationVC.swift */,
				EA3CD9F32474C92E0087A575 /* BelumLatihanCollectionViewCell.swift */,
				EA19C389247BD2FE00987951 /* APIManager.swift */,
			);
			path = Controller;
			sourceTree = "<group>";
		};
		8846587A246C2A19008DAE9D /* Employee */ = {
			isa = PBXGroup;
			children = (
			);
			path = Employee;
			sourceTree = "<group>";
		};
		88833519247D85AE00F29D91 /* Recovered References */ = {
			isa = PBXGroup;
			children = (
			);
			name = "Recovered References";
			sourceTree = "<group>";
		};
		931D4239833C711A9C2EC0E1 /* Frameworks */ = {
			isa = PBXGroup;
			children = (
				A4B8933B4C13E9D1D89F899B /* Pods_FnBTrainingApp.framework */,
			);
			name = Frameworks;
			sourceTree = "<group>";
		};
/* End PBXGroup section */

/* Begin PBXNativeTarget section */
		8846584F246BAC61008DAE9D /* FnBTrainingApp */ = {
			isa = PBXNativeTarget;
			buildConfigurationList = 88465864246BAC63008DAE9D /* Build configuration list for PBXNativeTarget "FnBTrainingApp" */;
			buildPhases = (
				E65D2C1F04C2DA8012627DC4 /* [CP] Check Pods Manifest.lock */,
				8846584C246BAC61008DAE9D /* Sources */,
				8846584D246BAC61008DAE9D /* Frameworks */,
				8846584E246BAC61008DAE9D /* Resources */,
				854477006572A91E54FA73A4 /* [CP] Embed Pods Frameworks */,
			);
			buildRules = (
			);
			dependencies = (
			);
			name = FnBTrainingApp;
			productName = FnBTrainingApp;
			productReference = 88465850246BAC61008DAE9D /* FnBTrainingApp.app */;
			productType = "com.apple.product-type.application";
		};
/* End PBXNativeTarget section */

/* Begin PBXProject section */
		88465848246BAC61008DAE9D /* Project object */ = {
			isa = PBXProject;
			attributes = {
				LastSwiftUpdateCheck = 1140;
				LastUpgradeCheck = 1140;
				ORGANIZATIONNAME = "Apple Developer Academy";
				TargetAttributes = {
					8846584F246BAC61008DAE9D = {
						CreatedOnToolsVersion = 11.4.1;
					};
				};
			};
			buildConfigurationList = 8846584B246BAC61008DAE9D /* Build configuration list for PBXProject "FnBTrainingApp" */;
			compatibilityVersion = "Xcode 9.3";
			developmentRegion = en;
			hasScannedForEncodings = 0;
			knownRegions = (
				en,
				Base,
			);
			mainGroup = 88465847246BAC61008DAE9D;
			productRefGroup = 88465851246BAC61008DAE9D /* Products */;
			projectDirPath = "";
			projectRoot = "";
			targets = (
				8846584F246BAC61008DAE9D /* FnBTrainingApp */,
			);
		};
/* End PBXProject section */

/* Begin PBXResourcesBuildPhase section */
		8846584E246BAC61008DAE9D /* Resources */ = {
			isa = PBXResourcesBuildPhase;
			buildActionMask = 2147483647;
			files = (
				8883350A247D800B00F29D91 /* ProsedurEditTableViewCell.xib in Resources */,
				88465870246C1DB2008DAE9D /* MgTrain.storyboard in Resources */,
				8883350B247D800B00F29D91 /* PreparationEditTableViewCell.xib in Resources */,
				8846586E246C1D7C008DAE9D /* MgMain.storyboard in Resources */,
				88465879246C297D008DAE9D /* Employee.storyboard in Resources */,
				88465860246BAC63008DAE9D /* LaunchScreen.storyboard in Resources */,
				8846585D246BAC63008DAE9D /* Assets.xcassets in Resources */,
				88465872246C1DDE008DAE9D /* MgEmployees.storyboard in Resources */,
				8846585B246BAC61008DAE9D /* Main.storyboard in Resources */,
				88465874246C2319008DAE9D /* Management.storyboard in Resources */,
			);
			runOnlyForDeploymentPostprocessing = 0;
		};
/* End PBXResourcesBuildPhase section */

/* Begin PBXShellScriptBuildPhase section */
		854477006572A91E54FA73A4 /* [CP] Embed Pods Frameworks */ = {
			isa = PBXShellScriptBuildPhase;
			buildActionMask = 2147483647;
			files = (
			);
			inputFileListPaths = (
				"${PODS_ROOT}/Target Support Files/Pods-FnBTrainingApp/Pods-FnBTrainingApp-frameworks-${CONFIGURATION}-input-files.xcfilelist",
			);
			name = "[CP] Embed Pods Frameworks";
			outputFileListPaths = (
				"${PODS_ROOT}/Target Support Files/Pods-FnBTrainingApp/Pods-FnBTrainingApp-frameworks-${CONFIGURATION}-output-files.xcfilelist",
			);
			runOnlyForDeploymentPostprocessing = 0;
			shellPath = /bin/sh;
			shellScript = "\"${PODS_ROOT}/Target Support Files/Pods-FnBTrainingApp/Pods-FnBTrainingApp-frameworks.sh\"\n";
			showEnvVarsInLog = 0;
		};
		E65D2C1F04C2DA8012627DC4 /* [CP] Check Pods Manifest.lock */ = {
			isa = PBXShellScriptBuildPhase;
			buildActionMask = 2147483647;
			files = (
			);
			inputFileListPaths = (
			);
			inputPaths = (
				"${PODS_PODFILE_DIR_PATH}/Podfile.lock",
				"${PODS_ROOT}/Manifest.lock",
			);
			name = "[CP] Check Pods Manifest.lock";
			outputFileListPaths = (
			);
			outputPaths = (
				"$(DERIVED_FILE_DIR)/Pods-FnBTrainingApp-checkManifestLockResult.txt",
			);
			runOnlyForDeploymentPostprocessing = 0;
			shellPath = /bin/sh;
			shellScript = "diff \"${PODS_PODFILE_DIR_PATH}/Podfile.lock\" \"${PODS_ROOT}/Manifest.lock\" > /dev/null\nif [ $? != 0 ] ; then\n    # print error to STDERR\n    echo \"error: The sandbox is not in sync with the Podfile.lock. Run 'pod install' or update your CocoaPods installation.\" >&2\n    exit 1\nfi\n# This output is used by Xcode 'outputs' to avoid re-running this script phase.\necho \"SUCCESS\" > \"${SCRIPT_OUTPUT_FILE_0}\"\n";
			showEnvVarsInLog = 0;
		};
/* End PBXShellScriptBuildPhase section */

/* Begin PBXSourcesBuildPhase section */
		8846584C246BAC61008DAE9D /* Sources */ = {
			isa = PBXSourcesBuildPhase;
			buildActionMask = 2147483647;
			files = (
				8DFCED5C2473FF2C00EA1564 /* Persiapan.swift in Sources */,
				88212644247CF3A100D7CC90 /* EditLatihanLauncher.swift in Sources */,
				888334FA247D7FC000F29D91 /* ProsedurEditVC.swift in Sources */,
				881BA8402474FAD6003311D4 /* TrainingModel.swift in Sources */,
				EA19C38A247BD2FE00987951 /* APIManager.swift in Sources */,
				EA3CD9EA247398E10087A575 /* EmployeeVC.swift in Sources */,
				EA19C393247D489100987951 /* EmployeeHome.swift in Sources */,
				88465858246BAC61008DAE9D /* ViewController.swift in Sources */,
				8DFCED542473F7DD00EA1564 /* PersiapanTableViewCell.swift in Sources */,
				8811F5852471896E00C142ED /* EmployeeCollectionCell.swift in Sources */,
				8DAA50D32474D330005D0DDC /* AssigneeCollectionViewCell.swift in Sources */,
				8DF16E9A2473836600974F0D /* HomeAdminModel.swift in Sources */,
				EA19C388247BB40E00987951 /* ProcedureModel.swift in Sources */,
				884A354A2470449200D8A252 /* Employee.swift in Sources */,
				88D5DC542477B31600B8BB41 /* EmployeeTableVC.swift in Sources */,
				881BA83E2474F9F0003311D4 /* EmployeeTrainingCollectionCell.swift in Sources */,
				888334FD247D7FC000F29D91 /* TrainingCategoryVC.swift in Sources */,
				888334FF247D7FDB00F29D91 /* TrainingCollectionViewCell.swift in Sources */,
				88833509247D800B00F29D91 /* PersiapanTableViewController.swift in Sources */,
				88465854246BAC61008DAE9D /* AppDelegate.swift in Sources */,
				8811F5832471892000C142ED /* EmployeeTableCell.swift in Sources */,
				88D5DC522477AB0600B8BB41 /* EmployeeDetailTableCell.swift in Sources */,
				88E77183247009B8007D9E59 /* ManagementEmployeeVC.swift in Sources */,
				8DFCED502473F52500EA1564 /* MgEditViewController.swift in Sources */,
				88465856246BAC61008DAE9D /* SceneDelegate.swift in Sources */,
				8D78988624722CCA00CB164C /* MgMainTableViewCell.swift in Sources */,
				88465877246C278B008DAE9D /* ManagementVC.swift in Sources */,
				8DAA50D12474C1D1005D0DDC /* ProsedurTableViewCell.swift in Sources */,
				8D6F21EC2476645C00561B38 /* Prosedur.swift in Sources */,
				2C4836DF247706F1008C1636 /* MgEditTable.swift in Sources */,
				88833511247D80BB00F29D91 /* PersiapanEditVC.swift in Sources */,
				EA3CD9E8247376E20087A575 /* EmployeeProcedureVC.swift in Sources */,
				88465856246BAC61008DAE9D /* SceneDelegate.swift in Sources */,
				88833506247D800B00F29D91 /* PersiapanTableViewCell.swift in Sources */,
				888334FC247D7FC000F29D91 /* AddIngredientsModalVC.swift in Sources */,
				88465877246C278B008DAE9D /* ManagementVC.swift in Sources */,
				8883350E247D806100F29D91 /* Preparation.swift in Sources */,
				88B692CC24740B560051F6A4 /* EmployeeProfileVC.swift in Sources */,
				88833508247D800B00F29D91 /* ProsedurEditTableViewCell.swift in Sources */,
				88833507247D800B00F29D91 /* PreparationEditTableViewCell.swift in Sources */,
				EA3CD9F02474BE7B0087A575 /* EmployeePreparationVC.swift in Sources */,
				888334F9247D7FC000F29D91 /* EmployeeCollectionVC.swift in Sources */,
				8883350F247D806100F29D91 /* Prosedur.swift in Sources */,
				888334FB247D7FC000F29D91 /* AddProcedureViewController.swift in Sources */,
				EA3CD9F42474C92E0087A575 /* BelumLatihanCollectionViewCell.swift in Sources */,
			);
			runOnlyForDeploymentPostprocessing = 0;
		};
/* End PBXSourcesBuildPhase section */

/* Begin PBXVariantGroup section */
		88465859246BAC61008DAE9D /* Main.storyboard */ = {
			isa = PBXVariantGroup;
			children = (
				8846585A246BAC61008DAE9D /* Base */,
			);
			name = Main.storyboard;
			sourceTree = "<group>";
		};
		8846585E246BAC63008DAE9D /* LaunchScreen.storyboard */ = {
			isa = PBXVariantGroup;
			children = (
				8846585F246BAC63008DAE9D /* Base */,
			);
			name = LaunchScreen.storyboard;
			sourceTree = "<group>";
		};
/* End PBXVariantGroup section */

/* Begin XCBuildConfiguration section */
		88465862246BAC63008DAE9D /* Debug */ = {
			isa = XCBuildConfiguration;
			buildSettings = {
				ALWAYS_SEARCH_USER_PATHS = NO;
				CLANG_ANALYZER_NONNULL = YES;
				CLANG_ANALYZER_NUMBER_OBJECT_CONVERSION = YES_AGGRESSIVE;
				CLANG_CXX_LANGUAGE_STANDARD = "gnu++14";
				CLANG_CXX_LIBRARY = "libc++";
				CLANG_ENABLE_MODULES = YES;
				CLANG_ENABLE_OBJC_ARC = YES;
				CLANG_ENABLE_OBJC_WEAK = YES;
				CLANG_WARN_BLOCK_CAPTURE_AUTORELEASING = YES;
				CLANG_WARN_BOOL_CONVERSION = YES;
				CLANG_WARN_COMMA = YES;
				CLANG_WARN_CONSTANT_CONVERSION = YES;
				CLANG_WARN_DEPRECATED_OBJC_IMPLEMENTATIONS = YES;
				CLANG_WARN_DIRECT_OBJC_ISA_USAGE = YES_ERROR;
				CLANG_WARN_DOCUMENTATION_COMMENTS = YES;
				CLANG_WARN_EMPTY_BODY = YES;
				CLANG_WARN_ENUM_CONVERSION = YES;
				CLANG_WARN_INFINITE_RECURSION = YES;
				CLANG_WARN_INT_CONVERSION = YES;
				CLANG_WARN_NON_LITERAL_NULL_CONVERSION = YES;
				CLANG_WARN_OBJC_IMPLICIT_RETAIN_SELF = YES;
				CLANG_WARN_OBJC_LITERAL_CONVERSION = YES;
				CLANG_WARN_OBJC_ROOT_CLASS = YES_ERROR;
				CLANG_WARN_RANGE_LOOP_ANALYSIS = YES;
				CLANG_WARN_STRICT_PROTOTYPES = YES;
				CLANG_WARN_SUSPICIOUS_MOVE = YES;
				CLANG_WARN_UNGUARDED_AVAILABILITY = YES_AGGRESSIVE;
				CLANG_WARN_UNREACHABLE_CODE = YES;
				CLANG_WARN__DUPLICATE_METHOD_MATCH = YES;
				COPY_PHASE_STRIP = NO;
				DEBUG_INFORMATION_FORMAT = dwarf;
				ENABLE_STRICT_OBJC_MSGSEND = YES;
				ENABLE_TESTABILITY = YES;
				GCC_C_LANGUAGE_STANDARD = gnu11;
				GCC_DYNAMIC_NO_PIC = NO;
				GCC_NO_COMMON_BLOCKS = YES;
				GCC_OPTIMIZATION_LEVEL = 0;
				GCC_PREPROCESSOR_DEFINITIONS = (
					"DEBUG=1",
					"$(inherited)",
				);
				GCC_WARN_64_TO_32_BIT_CONVERSION = YES;
				GCC_WARN_ABOUT_RETURN_TYPE = YES_ERROR;
				GCC_WARN_UNDECLARED_SELECTOR = YES;
				GCC_WARN_UNINITIALIZED_AUTOS = YES_AGGRESSIVE;
				GCC_WARN_UNUSED_FUNCTION = YES;
				GCC_WARN_UNUSED_VARIABLE = YES;
				IPHONEOS_DEPLOYMENT_TARGET = 13.4;
				MTL_ENABLE_DEBUG_INFO = INCLUDE_SOURCE;
				MTL_FAST_MATH = YES;
				ONLY_ACTIVE_ARCH = YES;
				SDKROOT = iphoneos;
				SWIFT_ACTIVE_COMPILATION_CONDITIONS = DEBUG;
				SWIFT_OPTIMIZATION_LEVEL = "-Onone";
			};
			name = Debug;
		};
		88465863246BAC63008DAE9D /* Release */ = {
			isa = XCBuildConfiguration;
			buildSettings = {
				ALWAYS_SEARCH_USER_PATHS = NO;
				CLANG_ANALYZER_NONNULL = YES;
				CLANG_ANALYZER_NUMBER_OBJECT_CONVERSION = YES_AGGRESSIVE;
				CLANG_CXX_LANGUAGE_STANDARD = "gnu++14";
				CLANG_CXX_LIBRARY = "libc++";
				CLANG_ENABLE_MODULES = YES;
				CLANG_ENABLE_OBJC_ARC = YES;
				CLANG_ENABLE_OBJC_WEAK = YES;
				CLANG_WARN_BLOCK_CAPTURE_AUTORELEASING = YES;
				CLANG_WARN_BOOL_CONVERSION = YES;
				CLANG_WARN_COMMA = YES;
				CLANG_WARN_CONSTANT_CONVERSION = YES;
				CLANG_WARN_DEPRECATED_OBJC_IMPLEMENTATIONS = YES;
				CLANG_WARN_DIRECT_OBJC_ISA_USAGE = YES_ERROR;
				CLANG_WARN_DOCUMENTATION_COMMENTS = YES;
				CLANG_WARN_EMPTY_BODY = YES;
				CLANG_WARN_ENUM_CONVERSION = YES;
				CLANG_WARN_INFINITE_RECURSION = YES;
				CLANG_WARN_INT_CONVERSION = YES;
				CLANG_WARN_NON_LITERAL_NULL_CONVERSION = YES;
				CLANG_WARN_OBJC_IMPLICIT_RETAIN_SELF = YES;
				CLANG_WARN_OBJC_LITERAL_CONVERSION = YES;
				CLANG_WARN_OBJC_ROOT_CLASS = YES_ERROR;
				CLANG_WARN_RANGE_LOOP_ANALYSIS = YES;
				CLANG_WARN_STRICT_PROTOTYPES = YES;
				CLANG_WARN_SUSPICIOUS_MOVE = YES;
				CLANG_WARN_UNGUARDED_AVAILABILITY = YES_AGGRESSIVE;
				CLANG_WARN_UNREACHABLE_CODE = YES;
				CLANG_WARN__DUPLICATE_METHOD_MATCH = YES;
				COPY_PHASE_STRIP = NO;
				DEBUG_INFORMATION_FORMAT = "dwarf-with-dsym";
				ENABLE_NS_ASSERTIONS = NO;
				ENABLE_STRICT_OBJC_MSGSEND = YES;
				GCC_C_LANGUAGE_STANDARD = gnu11;
				GCC_NO_COMMON_BLOCKS = YES;
				GCC_WARN_64_TO_32_BIT_CONVERSION = YES;
				GCC_WARN_ABOUT_RETURN_TYPE = YES_ERROR;
				GCC_WARN_UNDECLARED_SELECTOR = YES;
				GCC_WARN_UNINITIALIZED_AUTOS = YES_AGGRESSIVE;
				GCC_WARN_UNUSED_FUNCTION = YES;
				GCC_WARN_UNUSED_VARIABLE = YES;
				IPHONEOS_DEPLOYMENT_TARGET = 13.4;
				MTL_ENABLE_DEBUG_INFO = NO;
				MTL_FAST_MATH = YES;
				SDKROOT = iphoneos;
				SWIFT_COMPILATION_MODE = wholemodule;
				SWIFT_OPTIMIZATION_LEVEL = "-O";
				VALIDATE_PRODUCT = YES;
			};
			name = Release;
		};
		88465865246BAC63008DAE9D /* Debug */ = {
			isa = XCBuildConfiguration;
			baseConfigurationReference = F23BA4F646FBEC462C2235BD /* Pods-FnBTrainingApp.debug.xcconfig */;
			buildSettings = {
				ASSETCATALOG_COMPILER_APPICON_NAME = AppIcon;
				CODE_SIGN_STYLE = Automatic;
				DEVELOPMENT_TEAM = "";
				INFOPLIST_FILE = FnBTrainingApp/Info.plist;
				IPHONEOS_DEPLOYMENT_TARGET = 13.0;
				LD_RUNPATH_SEARCH_PATHS = (
					"$(inherited)",
					"@executable_path/Frameworks",
				);
				PRODUCT_BUNDLE_IDENTIFIER = com.mc2.FnBTrainingApp;
				PRODUCT_NAME = "$(TARGET_NAME)";
				SWIFT_VERSION = 5.0;
				TARGETED_DEVICE_FAMILY = "1,2";
			};
			name = Debug;
		};
		88465866246BAC63008DAE9D /* Release */ = {
			isa = XCBuildConfiguration;
			baseConfigurationReference = 930298DB93CB0F3035BDD093 /* Pods-FnBTrainingApp.release.xcconfig */;
			buildSettings = {
				ASSETCATALOG_COMPILER_APPICON_NAME = AppIcon;
				CODE_SIGN_STYLE = Automatic;
				DEVELOPMENT_TEAM = "";
				INFOPLIST_FILE = FnBTrainingApp/Info.plist;
				IPHONEOS_DEPLOYMENT_TARGET = 13.0;
				LD_RUNPATH_SEARCH_PATHS = (
					"$(inherited)",
					"@executable_path/Frameworks",
				);
				PRODUCT_BUNDLE_IDENTIFIER = com.mc2.FnBTrainingApp;
				PRODUCT_NAME = "$(TARGET_NAME)";
				SWIFT_VERSION = 5.0;
				TARGETED_DEVICE_FAMILY = "1,2";
			};
			name = Release;
		};
/* End XCBuildConfiguration section */

/* Begin XCConfigurationList section */
		8846584B246BAC61008DAE9D /* Build configuration list for PBXProject "FnBTrainingApp" */ = {
			isa = XCConfigurationList;
			buildConfigurations = (
				88465862246BAC63008DAE9D /* Debug */,
				88465863246BAC63008DAE9D /* Release */,
			);
			defaultConfigurationIsVisible = 0;
			defaultConfigurationName = Release;
		};
		88465864246BAC63008DAE9D /* Build configuration list for PBXNativeTarget "FnBTrainingApp" */ = {
			isa = XCConfigurationList;
			buildConfigurations = (
				88465865246BAC63008DAE9D /* Debug */,
				88465866246BAC63008DAE9D /* Release */,
			);
			defaultConfigurationIsVisible = 0;
			defaultConfigurationName = Release;
		};
/* End XCConfigurationList section */
	};
	rootObject = 88465848246BAC61008DAE9D /* Project object */;
}
