// !$*UTF8*$!
{
	archiveVersion = 1;
	classes = {
	};
	objectVersion = 50;
	objects = {

/* Begin PBXBuildFile section */
		8811F57F247187EF00C142ED /* EmployeeTable.swift in Sources */ = {isa = PBXBuildFile; fileRef = 8811F57E247187EF00C142ED /* EmployeeTable.swift */; };
		8811F5812471881800C142ED /* EmployeeCollectionView.swift in Sources */ = {isa = PBXBuildFile; fileRef = 8811F5802471881800C142ED /* EmployeeCollectionView.swift */; };
		8811F5832471892000C142ED /* EmployeeTableCell.swift in Sources */ = {isa = PBXBuildFile; fileRef = 8811F5822471892000C142ED /* EmployeeTableCell.swift */; };
		8811F5852471896E00C142ED /* EmployeeCollectionCell.swift in Sources */ = {isa = PBXBuildFile; fileRef = 8811F5842471896E00C142ED /* EmployeeCollectionCell.swift */; };
		88465854246BAC61008DAE9D /* AppDelegate.swift in Sources */ = {isa = PBXBuildFile; fileRef = 88465853246BAC61008DAE9D /* AppDelegate.swift */; };
		88465856246BAC61008DAE9D /* SceneDelegate.swift in Sources */ = {isa = PBXBuildFile; fileRef = 88465855246BAC61008DAE9D /* SceneDelegate.swift */; };
		88465858246BAC61008DAE9D /* ViewController.swift in Sources */ = {isa = PBXBuildFile; fileRef = 88465857246BAC61008DAE9D /* ViewController.swift */; };
		8846585B246BAC61008DAE9D /* Main.storyboard in Resources */ = {isa = PBXBuildFile; fileRef = 88465859246BAC61008DAE9D /* Main.storyboard */; };
		8846585D246BAC63008DAE9D /* Assets.xcassets in Resources */ = {isa = PBXBuildFile; fileRef = 8846585C246BAC63008DAE9D /* Assets.xcassets */; };
		88465860246BAC63008DAE9D /* LaunchScreen.storyboard in Resources */ = {isa = PBXBuildFile; fileRef = 8846585E246BAC63008DAE9D /* LaunchScreen.storyboard */; };
		8846586E246C1D7C008DAE9D /* MgMain.storyboard in Resources */ = {isa = PBXBuildFile; fileRef = 8846586D246C1D7C008DAE9D /* MgMain.storyboard */; };
		88465870246C1DB2008DAE9D /* MgTrain.storyboard in Resources */ = {isa = PBXBuildFile; fileRef = 8846586F246C1DB2008DAE9D /* MgTrain.storyboard */; };
		88465872246C1DDE008DAE9D /* MgEmployees.storyboard in Resources */ = {isa = PBXBuildFile; fileRef = 88465871246C1DDE008DAE9D /* MgEmployees.storyboard */; };
		88465874246C2319008DAE9D /* Management.storyboard in Resources */ = {isa = PBXBuildFile; fileRef = 88465873246C2319008DAE9D /* Management.storyboard */; };
		88465877246C278B008DAE9D /* ManagementVC.swift in Sources */ = {isa = PBXBuildFile; fileRef = 88465876246C278B008DAE9D /* ManagementVC.swift */; };
		88465879246C297D008DAE9D /* Employee.storyboard in Resources */ = {isa = PBXBuildFile; fileRef = 88465878246C297D008DAE9D /* Employee.storyboard */; };
		88465880246C2FA4008DAE9D /* MgEditTraining.storyboard in Resources */ = {isa = PBXBuildFile; fileRef = 8846587F246C2FA4008DAE9D /* MgEditTraining.storyboard */; };
		884A354A2470449200D8A252 /* Employee.swift in Sources */ = {isa = PBXBuildFile; fileRef = 884A35492470449200D8A252 /* Employee.swift */; };
		88E77183247009B8007D9E59 /* ManagementEmployeeVC.swift in Sources */ = {isa = PBXBuildFile; fileRef = 88E77182247009B8007D9E59 /* ManagementEmployeeVC.swift */; };
		B710B52C247646DD0060B193 /* TrainingCollectionView.swift in Sources */ = {isa = PBXBuildFile; fileRef = B710B52B247646DD0060B193 /* TrainingCollectionView.swift */; };
		B710B52E247646EE0060B193 /* TrainingCollectionViewCell.swift in Sources */ = {isa = PBXBuildFile; fileRef = B710B52D247646EE0060B193 /* TrainingCollectionViewCell.swift */; };
		B710B53024764FFF0060B193 /* PersiapanTableViewController.swift in Sources */ = {isa = PBXBuildFile; fileRef = B710B52F24764FFF0060B193 /* PersiapanTableViewController.swift */; };
		B710B532247650150060B193 /* PersiapanTableViewCell.swift in Sources */ = {isa = PBXBuildFile; fileRef = B710B531247650150060B193 /* PersiapanTableViewCell.swift */; };
/* End PBXBuildFile section */

/* Begin PBXFileReference section */
		8811F57E247187EF00C142ED /* EmployeeTable.swift */ = {isa = PBXFileReference; lastKnownFileType = sourcecode.swift; path = EmployeeTable.swift; sourceTree = "<group>"; };
		8811F5802471881800C142ED /* EmployeeCollectionView.swift */ = {isa = PBXFileReference; lastKnownFileType = sourcecode.swift; path = EmployeeCollectionView.swift; sourceTree = "<group>"; };
		8811F5822471892000C142ED /* EmployeeTableCell.swift */ = {isa = PBXFileReference; lastKnownFileType = sourcecode.swift; path = EmployeeTableCell.swift; sourceTree = "<group>"; };
		8811F5842471896E00C142ED /* EmployeeCollectionCell.swift */ = {isa = PBXFileReference; lastKnownFileType = sourcecode.swift; path = EmployeeCollectionCell.swift; sourceTree = "<group>"; };
		88465850246BAC61008DAE9D /* FnBTrainingApp.app */ = {isa = PBXFileReference; explicitFileType = wrapper.application; includeInIndex = 0; path = FnBTrainingApp.app; sourceTree = BUILT_PRODUCTS_DIR; };
		88465853246BAC61008DAE9D /* AppDelegate.swift */ = {isa = PBXFileReference; lastKnownFileType = sourcecode.swift; path = AppDelegate.swift; sourceTree = "<group>"; };
		88465855246BAC61008DAE9D /* SceneDelegate.swift */ = {isa = PBXFileReference; lastKnownFileType = sourcecode.swift; path = SceneDelegate.swift; sourceTree = "<group>"; };
		88465857246BAC61008DAE9D /* ViewController.swift */ = {isa = PBXFileReference; lastKnownFileType = sourcecode.swift; path = ViewController.swift; sourceTree = "<group>"; };
		8846585A246BAC61008DAE9D /* Base */ = {isa = PBXFileReference; lastKnownFileType = file.storyboard; name = Base; path = Base.lproj/Main.storyboard; sourceTree = "<group>"; };
		8846585C246BAC63008DAE9D /* Assets.xcassets */ = {isa = PBXFileReference; lastKnownFileType = folder.assetcatalog; path = Assets.xcassets; sourceTree = "<group>"; };
		8846585F246BAC63008DAE9D /* Base */ = {isa = PBXFileReference; lastKnownFileType = file.storyboard; name = Base; path = Base.lproj/LaunchScreen.storyboard; sourceTree = "<group>"; };
		88465861246BAC63008DAE9D /* Info.plist */ = {isa = PBXFileReference; lastKnownFileType = text.plist.xml; path = Info.plist; sourceTree = "<group>"; };
		8846586D246C1D7C008DAE9D /* MgMain.storyboard */ = {isa = PBXFileReference; fileEncoding = 4; lastKnownFileType = file.storyboard; path = MgMain.storyboard; sourceTree = "<group>"; };
		8846586F246C1DB2008DAE9D /* MgTrain.storyboard */ = {isa = PBXFileReference; fileEncoding = 4; lastKnownFileType = file.storyboard; path = MgTrain.storyboard; sourceTree = "<group>"; };
		88465871246C1DDE008DAE9D /* MgEmployees.storyboard */ = {isa = PBXFileReference; fileEncoding = 4; lastKnownFileType = file.storyboard; path = MgEmployees.storyboard; sourceTree = "<group>"; };
		88465873246C2319008DAE9D /* Management.storyboard */ = {isa = PBXFileReference; lastKnownFileType = file.storyboard; path = Management.storyboard; sourceTree = "<group>"; };
		88465876246C278B008DAE9D /* ManagementVC.swift */ = {isa = PBXFileReference; lastKnownFileType = sourcecode.swift; path = ManagementVC.swift; sourceTree = "<group>"; };
		88465878246C297D008DAE9D /* Employee.storyboard */ = {isa = PBXFileReference; lastKnownFileType = file.storyboard; path = Employee.storyboard; sourceTree = "<group>"; };
		8846587F246C2FA4008DAE9D /* MgEditTraining.storyboard */ = {isa = PBXFileReference; fileEncoding = 4; lastKnownFileType = file.storyboard; path = MgEditTraining.storyboard; sourceTree = "<group>"; };
		884A35492470449200D8A252 /* Employee.swift */ = {isa = PBXFileReference; lastKnownFileType = sourcecode.swift; path = Employee.swift; sourceTree = "<group>"; };
		88E77182247009B8007D9E59 /* ManagementEmployeeVC.swift */ = {isa = PBXFileReference; lastKnownFileType = sourcecode.swift; path = ManagementEmployeeVC.swift; sourceTree = "<group>"; };
		B710B52B247646DD0060B193 /* TrainingCollectionView.swift */ = {isa = PBXFileReference; lastKnownFileType = sourcecode.swift; path = TrainingCollectionView.swift; sourceTree = "<group>"; };
		B710B52D247646EE0060B193 /* TrainingCollectionViewCell.swift */ = {isa = PBXFileReference; lastKnownFileType = sourcecode.swift; path = TrainingCollectionViewCell.swift; sourceTree = "<group>"; };
		B710B52F24764FFF0060B193 /* PersiapanTableViewController.swift */ = {isa = PBXFileReference; lastKnownFileType = sourcecode.swift; path = PersiapanTableViewController.swift; sourceTree = "<group>"; };
		B710B531247650150060B193 /* PersiapanTableViewCell.swift */ = {isa = PBXFileReference; lastKnownFileType = sourcecode.swift; path = PersiapanTableViewCell.swift; sourceTree = "<group>"; };
/* End PBXFileReference section */

/* Begin PBXFrameworksBuildPhase section */
		8846584D246BAC61008DAE9D /* Frameworks */ = {
			isa = PBXFrameworksBuildPhase;
			buildActionMask = 2147483647;
			files = (
			);
			runOnlyForDeploymentPostprocessing = 0;
		};
/* End PBXFrameworksBuildPhase section */

/* Begin PBXGroup section */
		8811F586247197D700C142ED /* Table */ = {
			isa = PBXGroup;
			children = (
				8811F57E247187EF00C142ED /* EmployeeTable.swift */,
				8811F5822471892000C142ED /* EmployeeTableCell.swift */,
				B710B52F24764FFF0060B193 /* PersiapanTableViewController.swift */,
				B710B531247650150060B193 /* PersiapanTableViewCell.swift */,
			);
			path = Table;
			sourceTree = "<group>";
		};
		8811F587247197DE00C142ED /* Collection */ = {
			isa = PBXGroup;
			children = (
				8811F5802471881800C142ED /* EmployeeCollectionView.swift */,
				8811F5842471896E00C142ED /* EmployeeCollectionCell.swift */,
				B710B52B247646DD0060B193 /* TrainingCollectionView.swift */,
				B710B52D247646EE0060B193 /* TrainingCollectionViewCell.swift */,
			);
			path = Collection;
			sourceTree = "<group>";
		};
		88465847246BAC61008DAE9D = {
			isa = PBXGroup;
			children = (
				88465852246BAC61008DAE9D /* FnBTrainingApp */,
				88465851246BAC61008DAE9D /* Products */,
			);
			sourceTree = "<group>";
		};
		88465851246BAC61008DAE9D /* Products */ = {
			isa = PBXGroup;
			children = (
				88465850246BAC61008DAE9D /* FnBTrainingApp.app */,
			);
			name = Products;
			sourceTree = "<group>";
		};
		88465852246BAC61008DAE9D /* FnBTrainingApp */ = {
			isa = PBXGroup;
			children = (
				88465875246C2757008DAE9D /* Controller */,
				88465869246C1A71008DAE9D /* View */,
				88465868246C1A03008DAE9D /* Model */,
				88465853246BAC61008DAE9D /* AppDelegate.swift */,
				88465855246BAC61008DAE9D /* SceneDelegate.swift */,
				88465857246BAC61008DAE9D /* ViewController.swift */,
				8846585C246BAC63008DAE9D /* Assets.xcassets */,
				8846585E246BAC63008DAE9D /* LaunchScreen.storyboard */,
				88465861246BAC63008DAE9D /* Info.plist */,
			);
			path = FnBTrainingApp;
			sourceTree = "<group>";
		};
		88465868246C1A03008DAE9D /* Model */ = {
			isa = PBXGroup;
			children = (
				884A35492470449200D8A252 /* Employee.swift */,
			);
			path = Model;
			sourceTree = "<group>";
		};
		88465869246C1A71008DAE9D /* View */ = {
			isa = PBXGroup;
			children = (
				8811F587247197DE00C142ED /* Collection */,
				8811F586247197D700C142ED /* Table */,
				8846587A246C2A19008DAE9D /* Employee */,
				8846586C246C1D4C008DAE9D /* Management */,
				88465859246BAC61008DAE9D /* Main.storyboard */,
				88465873246C2319008DAE9D /* Management.storyboard */,
				88465878246C297D008DAE9D /* Employee.storyboard */,
			);
			path = View;
			sourceTree = "<group>";
		};
		8846586C246C1D4C008DAE9D /* Management */ = {
			isa = PBXGroup;
			children = (
				88465871246C1DDE008DAE9D /* MgEmployees.storyboard */,
				8846586F246C1DB2008DAE9D /* MgTrain.storyboard */,
				8846586D246C1D7C008DAE9D /* MgMain.storyboard */,
				8846587F246C2FA4008DAE9D /* MgEditTraining.storyboard */,
			);
			path = Management;
			sourceTree = "<group>";
		};
		88465875246C2757008DAE9D /* Controller */ = {
			isa = PBXGroup;
			children = (
				88465876246C278B008DAE9D /* ManagementVC.swift */,
				88E77182247009B8007D9E59 /* ManagementEmployeeVC.swift */,
			);
			path = Controller;
			sourceTree = "<group>";
		};
		8846587A246C2A19008DAE9D /* Employee */ = {
			isa = PBXGroup;
			children = (
			);
			path = Employee;
			sourceTree = "<group>";
		};
/* End PBXGroup section */

/* Begin PBXNativeTarget section */
		8846584F246BAC61008DAE9D /* FnBTrainingApp */ = {
			isa = PBXNativeTarget;
			buildConfigurationList = 88465864246BAC63008DAE9D /* Build configuration list for PBXNativeTarget "FnBTrainingApp" */;
			buildPhases = (
				8846584C246BAC61008DAE9D /* Sources */,
				8846584D246BAC61008DAE9D /* Frameworks */,
				8846584E246BAC61008DAE9D /* Resources */,
			);
			buildRules = (
			);
			dependencies = (
			);
			name = FnBTrainingApp;
			productName = FnBTrainingApp;
			productReference = 88465850246BAC61008DAE9D /* FnBTrainingApp.app */;
			productType = "com.apple.product-type.application";
		};
/* End PBXNativeTarget section */

/* Begin PBXProject section */
		88465848246BAC61008DAE9D /* Project object */ = {
			isa = PBXProject;
			attributes = {
				LastSwiftUpdateCheck = 1140;
				LastUpgradeCheck = 1140;
				ORGANIZATIONNAME = "Apple Developer Academy";
				TargetAttributes = {
					8846584F246BAC61008DAE9D = {
						CreatedOnToolsVersion = 11.4.1;
					};
				};
			};
			buildConfigurationList = 8846584B246BAC61008DAE9D /* Build configuration list for PBXProject "FnBTrainingApp" */;
			compatibilityVersion = "Xcode 9.3";
			developmentRegion = en;
			hasScannedForEncodings = 0;
			knownRegions = (
				en,
				Base,
			);
			mainGroup = 88465847246BAC61008DAE9D;
			productRefGroup = 88465851246BAC61008DAE9D /* Products */;
			projectDirPath = "";
			projectRoot = "";
			targets = (
				8846584F246BAC61008DAE9D /* FnBTrainingApp */,
			);
		};
/* End PBXProject section */

/* Begin PBXResourcesBuildPhase section */
		8846584E246BAC61008DAE9D /* Resources */ = {
			isa = PBXResourcesBuildPhase;
			buildActionMask = 2147483647;
			files = (
				88465880246C2FA4008DAE9D /* MgEditTraining.storyboard in Resources */,
				88465870246C1DB2008DAE9D /* MgTrain.storyboard in Resources */,
				8846586E246C1D7C008DAE9D /* MgMain.storyboard in Resources */,
				88465879246C297D008DAE9D /* Employee.storyboard in Resources */,
				88465860246BAC63008DAE9D /* LaunchScreen.storyboard in Resources */,
				8846585D246BAC63008DAE9D /* Assets.xcassets in Resources */,
				88465872246C1DDE008DAE9D /* MgEmployees.storyboard in Resources */,
				8846585B246BAC61008DAE9D /* Main.storyboard in Resources */,
				88465874246C2319008DAE9D /* Management.storyboard in Resources */,
			);
			runOnlyForDeploymentPostprocessing = 0;
		};
/* End PBXResourcesBuildPhase section */

/* Begin PBXSourcesBuildPhase section */
		8846584C246BAC61008DAE9D /* Sources */ = {
			isa = PBXSourcesBuildPhase;
			buildActionMask = 2147483647;
			files = (
				B710B52E247646EE0060B193 /* TrainingCollectionViewCell.swift in Sources */,
				B710B532247650150060B193 /* PersiapanTableViewCell.swift in Sources */,
				88465858246BAC61008DAE9D /* ViewController.swift in Sources */,
				B710B53024764FFF0060B193 /* PersiapanTableViewController.swift in Sources */,
				8811F5852471896E00C142ED /* EmployeeCollectionCell.swift in Sources */,
				884A354A2470449200D8A252 /* Employee.swift in Sources */,
				88465854246BAC61008DAE9D /* AppDelegate.swift in Sources */,
				8811F5832471892000C142ED /* EmployeeTableCell.swift in Sources */,
				88E77183247009B8007D9E59 /* ManagementEmployeeVC.swift in Sources */,
				88465856246BAC61008DAE9D /* SceneDelegate.swift in Sources */,
				88465877246C278B008DAE9D /* ManagementVC.swift in Sources */,
				8811F5812471881800C142ED /* EmployeeCollectionView.swift in Sources */,
				8811F57F247187EF00C142ED /* EmployeeTable.swift in Sources */,
				B710B52C247646DD0060B193 /* TrainingCollectionView.swift in Sources */,
			);
			runOnlyForDeploymentPostprocessing = 0;
		};
/* End PBXSourcesBuildPhase section */

/* Begin PBXVariantGroup section */
		88465859246BAC61008DAE9D /* Main.storyboard */ = {
			isa = PBXVariantGroup;
			children = (
				8846585A246BAC61008DAE9D /* Base */,
			);
			name = Main.storyboard;
			sourceTree = "<group>";
		};
		8846585E246BAC63008DAE9D /* LaunchScreen.storyboard */ = {
			isa = PBXVariantGroup;
			children = (
				8846585F246BAC63008DAE9D /* Base */,
			);
			name = LaunchScreen.storyboard;
			sourceTree = "<group>";
		};
/* End PBXVariantGroup section */

/* Begin XCBuildConfiguration section */
		88465862246BAC63008DAE9D /* Debug */ = {
			isa = XCBuildConfiguration;
			buildSettings = {
				ALWAYS_SEARCH_USER_PATHS = NO;
				CLANG_ANALYZER_NONNULL = YES;
				CLANG_ANALYZER_NUMBER_OBJECT_CONVERSION = YES_AGGRESSIVE;
				CLANG_CXX_LANGUAGE_STANDARD = "gnu++14";
				CLANG_CXX_LIBRARY = "libc++";
				CLANG_ENABLE_MODULES = YES;
				CLANG_ENABLE_OBJC_ARC = YES;
				CLANG_ENABLE_OBJC_WEAK = YES;
				CLANG_WARN_BLOCK_CAPTURE_AUTORELEASING = YES;
				CLANG_WARN_BOOL_CONVERSION = YES;
				CLANG_WARN_COMMA = YES;
				CLANG_WARN_CONSTANT_CONVERSION = YES;
				CLANG_WARN_DEPRECATED_OBJC_IMPLEMENTATIONS = YES;
				CLANG_WARN_DIRECT_OBJC_ISA_USAGE = YES_ERROR;
				CLANG_WARN_DOCUMENTATION_COMMENTS = YES;
				CLANG_WARN_EMPTY_BODY = YES;
				CLANG_WARN_ENUM_CONVERSION = YES;
				CLANG_WARN_INFINITE_RECURSION = YES;
				CLANG_WARN_INT_CONVERSION = YES;
				CLANG_WARN_NON_LITERAL_NULL_CONVERSION = YES;
				CLANG_WARN_OBJC_IMPLICIT_RETAIN_SELF = YES;
				CLANG_WARN_OBJC_LITERAL_CONVERSION = YES;
				CLANG_WARN_OBJC_ROOT_CLASS = YES_ERROR;
				CLANG_WARN_RANGE_LOOP_ANALYSIS = YES;
				CLANG_WARN_STRICT_PROTOTYPES = YES;
				CLANG_WARN_SUSPICIOUS_MOVE = YES;
				CLANG_WARN_UNGUARDED_AVAILABILITY = YES_AGGRESSIVE;
				CLANG_WARN_UNREACHABLE_CODE = YES;
				CLANG_WARN__DUPLICATE_METHOD_MATCH = YES;
				COPY_PHASE_STRIP = NO;
				DEBUG_INFORMATION_FORMAT = dwarf;
				ENABLE_STRICT_OBJC_MSGSEND = YES;
				ENABLE_TESTABILITY = YES;
				GCC_C_LANGUAGE_STANDARD = gnu11;
				GCC_DYNAMIC_NO_PIC = NO;
				GCC_NO_COMMON_BLOCKS = YES;
				GCC_OPTIMIZATION_LEVEL = 0;
				GCC_PREPROCESSOR_DEFINITIONS = (
					"DEBUG=1",
					"$(inherited)",
				);
				GCC_WARN_64_TO_32_BIT_CONVERSION = YES;
				GCC_WARN_ABOUT_RETURN_TYPE = YES_ERROR;
				GCC_WARN_UNDECLARED_SELECTOR = YES;
				GCC_WARN_UNINITIALIZED_AUTOS = YES_AGGRESSIVE;
				GCC_WARN_UNUSED_FUNCTION = YES;
				GCC_WARN_UNUSED_VARIABLE = YES;
				IPHONEOS_DEPLOYMENT_TARGET = 13.4;
				MTL_ENABLE_DEBUG_INFO = INCLUDE_SOURCE;
				MTL_FAST_MATH = YES;
				ONLY_ACTIVE_ARCH = YES;
				SDKROOT = iphoneos;
				SWIFT_ACTIVE_COMPILATION_CONDITIONS = DEBUG;
				SWIFT_OPTIMIZATION_LEVEL = "-Onone";
			};
			name = Debug;
		};
		88465863246BAC63008DAE9D /* Release */ = {
			isa = XCBuildConfiguration;
			buildSettings = {
				ALWAYS_SEARCH_USER_PATHS = NO;
				CLANG_ANALYZER_NONNULL = YES;
				CLANG_ANALYZER_NUMBER_OBJECT_CONVERSION = YES_AGGRESSIVE;
				CLANG_CXX_LANGUAGE_STANDARD = "gnu++14";
				CLANG_CXX_LIBRARY = "libc++";
				CLANG_ENABLE_MODULES = YES;
				CLANG_ENABLE_OBJC_ARC = YES;
				CLANG_ENABLE_OBJC_WEAK = YES;
				CLANG_WARN_BLOCK_CAPTURE_AUTORELEASING = YES;
				CLANG_WARN_BOOL_CONVERSION = YES;
				CLANG_WARN_COMMA = YES;
				CLANG_WARN_CONSTANT_CONVERSION = YES;
				CLANG_WARN_DEPRECATED_OBJC_IMPLEMENTATIONS = YES;
				CLANG_WARN_DIRECT_OBJC_ISA_USAGE = YES_ERROR;
				CLANG_WARN_DOCUMENTATION_COMMENTS = YES;
				CLANG_WARN_EMPTY_BODY = YES;
				CLANG_WARN_ENUM_CONVERSION = YES;
				CLANG_WARN_INFINITE_RECURSION = YES;
				CLANG_WARN_INT_CONVERSION = YES;
				CLANG_WARN_NON_LITERAL_NULL_CONVERSION = YES;
				CLANG_WARN_OBJC_IMPLICIT_RETAIN_SELF = YES;
				CLANG_WARN_OBJC_LITERAL_CONVERSION = YES;
				CLANG_WARN_OBJC_ROOT_CLASS = YES_ERROR;
				CLANG_WARN_RANGE_LOOP_ANALYSIS = YES;
				CLANG_WARN_STRICT_PROTOTYPES = YES;
				CLANG_WARN_SUSPICIOUS_MOVE = YES;
				CLANG_WARN_UNGUARDED_AVAILABILITY = YES_AGGRESSIVE;
				CLANG_WARN_UNREACHABLE_CODE = YES;
				CLANG_WARN__DUPLICATE_METHOD_MATCH = YES;
				COPY_PHASE_STRIP = NO;
				DEBUG_INFORMATION_FORMAT = "dwarf-with-dsym";
				ENABLE_NS_ASSERTIONS = NO;
				ENABLE_STRICT_OBJC_MSGSEND = YES;
				GCC_C_LANGUAGE_STANDARD = gnu11;
				GCC_NO_COMMON_BLOCKS = YES;
				GCC_WARN_64_TO_32_BIT_CONVERSION = YES;
				GCC_WARN_ABOUT_RETURN_TYPE = YES_ERROR;
				GCC_WARN_UNDECLARED_SELECTOR = YES;
				GCC_WARN_UNINITIALIZED_AUTOS = YES_AGGRESSIVE;
				GCC_WARN_UNUSED_FUNCTION = YES;
				GCC_WARN_UNUSED_VARIABLE = YES;
				IPHONEOS_DEPLOYMENT_TARGET = 13.4;
				MTL_ENABLE_DEBUG_INFO = NO;
				MTL_FAST_MATH = YES;
				SDKROOT = iphoneos;
				SWIFT_COMPILATION_MODE = wholemodule;
				SWIFT_OPTIMIZATION_LEVEL = "-O";
				VALIDATE_PRODUCT = YES;
			};
			name = Release;
		};
		88465865246BAC63008DAE9D /* Debug */ = {
			isa = XCBuildConfiguration;
			buildSettings = {
				ASSETCATALOG_COMPILER_APPICON_NAME = AppIcon;
				CODE_SIGN_STYLE = Automatic;
				INFOPLIST_FILE = FnBTrainingApp/Info.plist;
				LD_RUNPATH_SEARCH_PATHS = (
					"$(inherited)",
					"@executable_path/Frameworks",
				);
				PRODUCT_BUNDLE_IDENTIFIER = com.mc2.FnBTrainingApp;
				PRODUCT_NAME = "$(TARGET_NAME)";
				SWIFT_VERSION = 5.0;
				TARGETED_DEVICE_FAMILY = "1,2";
			};
			name = Debug;
		};
		88465866246BAC63008DAE9D /* Release */ = {
			isa = XCBuildConfiguration;
			buildSettings = {
				ASSETCATALOG_COMPILER_APPICON_NAME = AppIcon;
				CODE_SIGN_STYLE = Automatic;
				INFOPLIST_FILE = FnBTrainingApp/Info.plist;
				LD_RUNPATH_SEARCH_PATHS = (
					"$(inherited)",
					"@executable_path/Frameworks",
				);
				PRODUCT_BUNDLE_IDENTIFIER = com.mc2.FnBTrainingApp;
				PRODUCT_NAME = "$(TARGET_NAME)";
				SWIFT_VERSION = 5.0;
				TARGETED_DEVICE_FAMILY = "1,2";
			};
			name = Release;
		};
/* End XCBuildConfiguration section */

/* Begin XCConfigurationList section */
		8846584B246BAC61008DAE9D /* Build configuration list for PBXProject "FnBTrainingApp" */ = {
			isa = XCConfigurationList;
			buildConfigurations = (
				88465862246BAC63008DAE9D /* Debug */,
				88465863246BAC63008DAE9D /* Release */,
			);
			defaultConfigurationIsVisible = 0;
			defaultConfigurationName = Release;
		};
		88465864246BAC63008DAE9D /* Build configuration list for PBXNativeTarget "FnBTrainingApp" */ = {
			isa = XCConfigurationList;
			buildConfigurations = (
				88465865246BAC63008DAE9D /* Debug */,
				88465866246BAC63008DAE9D /* Release */,
			);
			defaultConfigurationIsVisible = 0;
			defaultConfigurationName = Release;
		};
/* End XCConfigurationList section */
	};
	rootObject = 88465848246BAC61008DAE9D /* Project object */;
}
